// !$*UTF8*$!
{
	archiveVersion = 1;
	classes = {
	};
	objectVersion = 50;
	objects = {

/* Begin PBXBuildFile section */
		842C40662154C3C000BB7D43 /* YSTDialogBoxController.m in Sources */ = {isa = PBXBuildFile; fileRef = 842C40642154C3C000BB7D43 /* YSTDialogBoxController.m */; };
		842C40672154C3C000BB7D43 /* YSTDialogBoxController.xib in Resources */ = {isa = PBXBuildFile; fileRef = 842C40652154C3C000BB7D43 /* YSTDialogBoxController.xib */; };
		842C406C2154C8BD00BB7D43 /* YSTRippleAnimationController.m in Sources */ = {isa = PBXBuildFile; fileRef = 842C406A2154C8BD00BB7D43 /* YSTRippleAnimationController.m */; };
		842C406D2154C8BD00BB7D43 /* YSTRippleAnimationController.xib in Resources */ = {isa = PBXBuildFile; fileRef = 842C406B2154C8BD00BB7D43 /* YSTRippleAnimationController.xib */; };
		844B4C4721548D7F00DB10C6 /* AppDelegate.m in Sources */ = {isa = PBXBuildFile; fileRef = 844B4C4621548D7F00DB10C6 /* AppDelegate.m */; };
		844B4C4A21548D7F00DB10C6 /* ViewController.m in Sources */ = {isa = PBXBuildFile; fileRef = 844B4C4921548D7F00DB10C6 /* ViewController.m */; };
		844B4C4D21548D7F00DB10C6 /* Main.storyboard in Resources */ = {isa = PBXBuildFile; fileRef = 844B4C4B21548D7F00DB10C6 /* Main.storyboard */; };
		844B4C4F21548D8100DB10C6 /* Assets.xcassets in Resources */ = {isa = PBXBuildFile; fileRef = 844B4C4E21548D8100DB10C6 /* Assets.xcassets */; };
		844B4C5221548D8100DB10C6 /* LaunchScreen.storyboard in Resources */ = {isa = PBXBuildFile; fileRef = 844B4C5021548D8100DB10C6 /* LaunchScreen.storyboard */; };
		844B4C5521548D8100DB10C6 /* main.m in Sources */ = {isa = PBXBuildFile; fileRef = 844B4C5421548D8100DB10C6 /* main.m */; };
		844B4C5D21548DBD00DB10C6 /* YSTDialogBoxWindow.m in Sources */ = {isa = PBXBuildFile; fileRef = 844B4C5C21548DBD00DB10C6 /* YSTDialogBoxWindow.m */; };
		844B4C7B21548ED900DB10C6 /* LICENSE in Resources */ = {isa = PBXBuildFile; fileRef = 844B4C5F21548ED800DB10C6 /* LICENSE */; };
		844B4C7C21548ED900DB10C6 /* NSLayoutConstraint+MASDebugAdditions.m in Sources */ = {isa = PBXBuildFile; fileRef = 844B4C6221548ED800DB10C6 /* NSLayoutConstraint+MASDebugAdditions.m */; };
		844B4C7D21548ED900DB10C6 /* ViewController+MASAdditions.m in Sources */ = {isa = PBXBuildFile; fileRef = 844B4C6B21548ED800DB10C6 /* ViewController+MASAdditions.m */; };
		844B4C7E21548ED900DB10C6 /* MASCompositeConstraint.m in Sources */ = {isa = PBXBuildFile; fileRef = 844B4C6F21548ED800DB10C6 /* MASCompositeConstraint.m */; };
		844B4C7F21548ED900DB10C6 /* MASConstraintMaker.m in Sources */ = {isa = PBXBuildFile; fileRef = 844B4C7021548ED800DB10C6 /* MASConstraintMaker.m */; };
		844B4C8021548ED900DB10C6 /* MASLayoutConstraint.m in Sources */ = {isa = PBXBuildFile; fileRef = 844B4C7121548ED800DB10C6 /* MASLayoutConstraint.m */; };
		844B4C8121548ED900DB10C6 /* NSArray+MASAdditions.m in Sources */ = {isa = PBXBuildFile; fileRef = 844B4C7221548ED900DB10C6 /* NSArray+MASAdditions.m */; };
		844B4C8221548ED900DB10C6 /* View+MASAdditions.m in Sources */ = {isa = PBXBuildFile; fileRef = 844B4C7321548ED900DB10C6 /* View+MASAdditions.m */; };
		844B4C8321548ED900DB10C6 /* MASConstraint.m in Sources */ = {isa = PBXBuildFile; fileRef = 844B4C7621548ED900DB10C6 /* MASConstraint.m */; };
		844B4C8421548ED900DB10C6 /* MASViewConstraint.m in Sources */ = {isa = PBXBuildFile; fileRef = 844B4C7821548ED900DB10C6 /* MASViewConstraint.m */; };
		844B4C8521548ED900DB10C6 /* MASViewAttribute.m in Sources */ = {isa = PBXBuildFile; fileRef = 844B4C7921548ED900DB10C6 /* MASViewAttribute.m */; };
		844B4C8621548ED900DB10C6 /* README.md in Resources */ = {isa = PBXBuildFile; fileRef = 844B4C7A21548ED900DB10C6 /* README.md */; };
/* End PBXBuildFile section */

/* Begin PBXFileReference section */
		842C40632154C3C000BB7D43 /* YSTDialogBoxController.h */ = {isa = PBXFileReference; fileEncoding = 4; lastKnownFileType = sourcecode.c.h; path = YSTDialogBoxController.h; sourceTree = "<group>"; };
		842C40642154C3C000BB7D43 /* YSTDialogBoxController.m */ = {isa = PBXFileReference; fileEncoding = 4; lastKnownFileType = sourcecode.c.objc; path = YSTDialogBoxController.m; sourceTree = "<group>"; };
		842C40652154C3C000BB7D43 /* YSTDialogBoxController.xib */ = {isa = PBXFileReference; fileEncoding = 4; lastKnownFileType = file.xib; path = YSTDialogBoxController.xib; sourceTree = "<group>"; };
		842C40692154C8BD00BB7D43 /* YSTRippleAnimationController.h */ = {isa = PBXFileReference; fileEncoding = 4; lastKnownFileType = sourcecode.c.h; path = YSTRippleAnimationController.h; sourceTree = "<group>"; };
		842C406A2154C8BD00BB7D43 /* YSTRippleAnimationController.m */ = {isa = PBXFileReference; fileEncoding = 4; lastKnownFileType = sourcecode.c.objc; path = YSTRippleAnimationController.m; sourceTree = "<group>"; };
		842C406B2154C8BD00BB7D43 /* YSTRippleAnimationController.xib */ = {isa = PBXFileReference; fileEncoding = 4; lastKnownFileType = file.xib; path = YSTRippleAnimationController.xib; sourceTree = "<group>"; };
		844B4C4221548D7F00DB10C6 /* DialogWindow.app */ = {isa = PBXFileReference; explicitFileType = wrapper.application; includeInIndex = 0; path = DialogWindow.app; sourceTree = BUILT_PRODUCTS_DIR; };
		844B4C4521548D7F00DB10C6 /* AppDelegate.h */ = {isa = PBXFileReference; lastKnownFileType = sourcecode.c.h; path = AppDelegate.h; sourceTree = "<group>"; };
		844B4C4621548D7F00DB10C6 /* AppDelegate.m */ = {isa = PBXFileReference; lastKnownFileType = sourcecode.c.objc; path = AppDelegate.m; sourceTree = "<group>"; };
		844B4C4821548D7F00DB10C6 /* ViewController.h */ = {isa = PBXFileReference; lastKnownFileType = sourcecode.c.h; path = ViewController.h; sourceTree = "<group>"; };
		844B4C4921548D7F00DB10C6 /* ViewController.m */ = {isa = PBXFileReference; lastKnownFileType = sourcecode.c.objc; path = ViewController.m; sourceTree = "<group>"; };
		844B4C4C21548D7F00DB10C6 /* Base */ = {isa = PBXFileReference; lastKnownFileType = file.storyboard; name = Base; path = Base.lproj/Main.storyboard; sourceTree = "<group>"; };
		844B4C4E21548D8100DB10C6 /* Assets.xcassets */ = {isa = PBXFileReference; lastKnownFileType = folder.assetcatalog; path = Assets.xcassets; sourceTree = "<group>"; };
		844B4C5121548D8100DB10C6 /* Base */ = {isa = PBXFileReference; lastKnownFileType = file.storyboard; name = Base; path = Base.lproj/LaunchScreen.storyboard; sourceTree = "<group>"; };
		844B4C5321548D8100DB10C6 /* Info.plist */ = {isa = PBXFileReference; lastKnownFileType = text.plist.xml; path = Info.plist; sourceTree = "<group>"; };
		844B4C5421548D8100DB10C6 /* main.m */ = {isa = PBXFileReference; lastKnownFileType = sourcecode.c.objc; path = main.m; sourceTree = "<group>"; };
		844B4C5B21548DBD00DB10C6 /* YSTDialogBoxWindow.h */ = {isa = PBXFileReference; fileEncoding = 4; lastKnownFileType = sourcecode.c.h; path = YSTDialogBoxWindow.h; sourceTree = "<group>"; };
		844B4C5C21548DBD00DB10C6 /* YSTDialogBoxWindow.m */ = {isa = PBXFileReference; fileEncoding = 4; lastKnownFileType = sourcecode.c.objc; path = YSTDialogBoxWindow.m; sourceTree = "<group>"; };
		844B4C5F21548ED800DB10C6 /* LICENSE */ = {isa = PBXFileReference; fileEncoding = 4; lastKnownFileType = text; path = LICENSE; sourceTree = "<group>"; };
		844B4C6121548ED800DB10C6 /* MASCompositeConstraint.h */ = {isa = PBXFileReference; fileEncoding = 4; lastKnownFileType = sourcecode.c.h; path = MASCompositeConstraint.h; sourceTree = "<group>"; };
		844B4C6221548ED800DB10C6 /* NSLayoutConstraint+MASDebugAdditions.m */ = {isa = PBXFileReference; fileEncoding = 4; lastKnownFileType = sourcecode.c.objc; path = "NSLayoutConstraint+MASDebugAdditions.m"; sourceTree = "<group>"; };
		844B4C6321548ED800DB10C6 /* MASConstraint+Private.h */ = {isa = PBXFileReference; fileEncoding = 4; lastKnownFileType = sourcecode.c.h; path = "MASConstraint+Private.h"; sourceTree = "<group>"; };
		844B4C6421548ED800DB10C6 /* MASLayoutConstraint.h */ = {isa = PBXFileReference; fileEncoding = 4; lastKnownFileType = sourcecode.c.h; path = MASLayoutConstraint.h; sourceTree = "<group>"; };
		844B4C6521548ED800DB10C6 /* NSArray+MASShorthandAdditions.h */ = {isa = PBXFileReference; fileEncoding = 4; lastKnownFileType = sourcecode.c.h; path = "NSArray+MASShorthandAdditions.h"; sourceTree = "<group>"; };
		844B4C6621548ED800DB10C6 /* MASConstraintMaker.h */ = {isa = PBXFileReference; fileEncoding = 4; lastKnownFileType = sourcecode.c.h; path = MASConstraintMaker.h; sourceTree = "<group>"; };
		844B4C6721548ED800DB10C6 /* View+MASAdditions.h */ = {isa = PBXFileReference; fileEncoding = 4; lastKnownFileType = sourcecode.c.h; path = "View+MASAdditions.h"; sourceTree = "<group>"; };
		844B4C6821548ED800DB10C6 /* NSArray+MASAdditions.h */ = {isa = PBXFileReference; fileEncoding = 4; lastKnownFileType = sourcecode.c.h; path = "NSArray+MASAdditions.h"; sourceTree = "<group>"; };
		844B4C6921548ED800DB10C6 /* MASUtilities.h */ = {isa = PBXFileReference; fileEncoding = 4; lastKnownFileType = sourcecode.c.h; path = MASUtilities.h; sourceTree = "<group>"; };
		844B4C6A21548ED800DB10C6 /* MASViewAttribute.h */ = {isa = PBXFileReference; fileEncoding = 4; lastKnownFileType = sourcecode.c.h; path = MASViewAttribute.h; sourceTree = "<group>"; };
		844B4C6B21548ED800DB10C6 /* ViewController+MASAdditions.m */ = {isa = PBXFileReference; fileEncoding = 4; lastKnownFileType = sourcecode.c.objc; path = "ViewController+MASAdditions.m"; sourceTree = "<group>"; };
		844B4C6C21548ED800DB10C6 /* MASViewConstraint.h */ = {isa = PBXFileReference; fileEncoding = 4; lastKnownFileType = sourcecode.c.h; path = MASViewConstraint.h; sourceTree = "<group>"; };
		844B4C6D21548ED800DB10C6 /* MASConstraint.h */ = {isa = PBXFileReference; fileEncoding = 4; lastKnownFileType = sourcecode.c.h; path = MASConstraint.h; sourceTree = "<group>"; };
		844B4C6E21548ED800DB10C6 /* NSLayoutConstraint+MASDebugAdditions.h */ = {isa = PBXFileReference; fileEncoding = 4; lastKnownFileType = sourcecode.c.h; path = "NSLayoutConstraint+MASDebugAdditions.h"; sourceTree = "<group>"; };
		844B4C6F21548ED800DB10C6 /* MASCompositeConstraint.m */ = {isa = PBXFileReference; fileEncoding = 4; lastKnownFileType = sourcecode.c.objc; path = MASCompositeConstraint.m; sourceTree = "<group>"; };
		844B4C7021548ED800DB10C6 /* MASConstraintMaker.m */ = {isa = PBXFileReference; fileEncoding = 4; lastKnownFileType = sourcecode.c.objc; path = MASConstraintMaker.m; sourceTree = "<group>"; };
		844B4C7121548ED800DB10C6 /* MASLayoutConstraint.m */ = {isa = PBXFileReference; fileEncoding = 4; lastKnownFileType = sourcecode.c.objc; path = MASLayoutConstraint.m; sourceTree = "<group>"; };
		844B4C7221548ED900DB10C6 /* NSArray+MASAdditions.m */ = {isa = PBXFileReference; fileEncoding = 4; lastKnownFileType = sourcecode.c.objc; path = "NSArray+MASAdditions.m"; sourceTree = "<group>"; };
		844B4C7321548ED900DB10C6 /* View+MASAdditions.m */ = {isa = PBXFileReference; fileEncoding = 4; lastKnownFileType = sourcecode.c.objc; path = "View+MASAdditions.m"; sourceTree = "<group>"; };
		844B4C7421548ED900DB10C6 /* View+MASShorthandAdditions.h */ = {isa = PBXFileReference; fileEncoding = 4; lastKnownFileType = sourcecode.c.h; path = "View+MASShorthandAdditions.h"; sourceTree = "<group>"; };
		844B4C7521548ED900DB10C6 /* Masonry.h */ = {isa = PBXFileReference; fileEncoding = 4; lastKnownFileType = sourcecode.c.h; path = Masonry.h; sourceTree = "<group>"; };
		844B4C7621548ED900DB10C6 /* MASConstraint.m */ = {isa = PBXFileReference; fileEncoding = 4; lastKnownFileType = sourcecode.c.objc; path = MASConstraint.m; sourceTree = "<group>"; };
		844B4C7721548ED900DB10C6 /* ViewController+MASAdditions.h */ = {isa = PBXFileReference; fileEncoding = 4; lastKnownFileType = sourcecode.c.h; path = "ViewController+MASAdditions.h"; sourceTree = "<group>"; };
		844B4C7821548ED900DB10C6 /* MASViewConstraint.m */ = {isa = PBXFileReference; fileEncoding = 4; lastKnownFileType = sourcecode.c.objc; path = MASViewConstraint.m; sourceTree = "<group>"; };
		844B4C7921548ED900DB10C6 /* MASViewAttribute.m */ = {isa = PBXFileReference; fileEncoding = 4; lastKnownFileType = sourcecode.c.objc; path = MASViewAttribute.m; sourceTree = "<group>"; };
		844B4C7A21548ED900DB10C6 /* README.md */ = {isa = PBXFileReference; fileEncoding = 4; lastKnownFileType = net.daringfireball.markdown; path = README.md; sourceTree = "<group>"; };
/* End PBXFileReference section */

/* Begin PBXFrameworksBuildPhase section */
		844B4C3F21548D7F00DB10C6 /* Frameworks */ = {
			isa = PBXFrameworksBuildPhase;
			buildActionMask = 2147483647;
			files = (
			);
			runOnlyForDeploymentPostprocessing = 0;
		};
/* End PBXFrameworksBuildPhase section */

/* Begin PBXGroup section */
		842C40622154C3A600BB7D43 /* DialogWindow */ = {
			isa = PBXGroup;
			children = (
				842C40632154C3C000BB7D43 /* YSTDialogBoxController.h */,
				842C40642154C3C000BB7D43 /* YSTDialogBoxController.m */,
				842C40652154C3C000BB7D43 /* YSTDialogBoxController.xib */,
				844B4C5B21548DBD00DB10C6 /* YSTDialogBoxWindow.h */,
				844B4C5C21548DBD00DB10C6 /* YSTDialogBoxWindow.m */,
			);
			path = DialogWindow;
			sourceTree = "<group>";
		};
		842C40682154C8AF00BB7D43 /* RippleAnimation */ = {
			isa = PBXGroup;
			children = (
				842C40692154C8BD00BB7D43 /* YSTRippleAnimationController.h */,
				842C406A2154C8BD00BB7D43 /* YSTRippleAnimationController.m */,
				842C406B2154C8BD00BB7D43 /* YSTRippleAnimationController.xib */,
			);
			path = RippleAnimation;
			sourceTree = "<group>";
		};
		844B4C3921548D7F00DB10C6 = {
			isa = PBXGroup;
			children = (
				844B4C4421548D7F00DB10C6 /* DialogWindow */,
				844B4C4321548D7F00DB10C6 /* Products */,
				844B4C5E21548ED800DB10C6 /* Masonry */,
			);
			sourceTree = "<group>";
		};
		844B4C4321548D7F00DB10C6 /* Products */ = {
			isa = PBXGroup;
			children = (
				844B4C4221548D7F00DB10C6 /* DialogWindow.app */,
			);
			name = Products;
			sourceTree = "<group>";
		};
		844B4C4421548D7F00DB10C6 /* DialogWindow */ = {
			isa = PBXGroup;
			children = (
				844B4C4521548D7F00DB10C6 /* AppDelegate.h */,
				844B4C4621548D7F00DB10C6 /* AppDelegate.m */,
				844B4C4821548D7F00DB10C6 /* ViewController.h */,
				844B4C4921548D7F00DB10C6 /* ViewController.m */,
				844B4C4B21548D7F00DB10C6 /* Main.storyboard */,
				844B4C4E21548D8100DB10C6 /* Assets.xcassets */,
				844B4C5021548D8100DB10C6 /* LaunchScreen.storyboard */,
				844B4C5321548D8100DB10C6 /* Info.plist */,
				844B4C5421548D8100DB10C6 /* main.m */,
				842C40682154C8AF00BB7D43 /* RippleAnimation */,
				842C40622154C3A600BB7D43 /* DialogWindow */,
			);
			path = DialogWindow;
			sourceTree = "<group>";
		};
		844B4C5E21548ED800DB10C6 /* Masonry */ = {
			isa = PBXGroup;
			children = (
				844B4C5F21548ED800DB10C6 /* LICENSE */,
				844B4C6021548ED800DB10C6 /* Masonry */,
				844B4C7A21548ED900DB10C6 /* README.md */,
			);
			path = Masonry;
			sourceTree = "<group>";
		};
		844B4C6021548ED800DB10C6 /* Masonry */ = {
			isa = PBXGroup;
			children = (
				844B4C6121548ED800DB10C6 /* MASCompositeConstraint.h */,
				844B4C6221548ED800DB10C6 /* NSLayoutConstraint+MASDebugAdditions.m */,
				844B4C6321548ED800DB10C6 /* MASConstraint+Private.h */,
				844B4C6421548ED800DB10C6 /* MASLayoutConstraint.h */,
				844B4C6521548ED800DB10C6 /* NSArray+MASShorthandAdditions.h */,
				844B4C6621548ED800DB10C6 /* MASConstraintMaker.h */,
				844B4C6721548ED800DB10C6 /* View+MASAdditions.h */,
				844B4C6821548ED800DB10C6 /* NSArray+MASAdditions.h */,
				844B4C6921548ED800DB10C6 /* MASUtilities.h */,
				844B4C6A21548ED800DB10C6 /* MASViewAttribute.h */,
				844B4C6B21548ED800DB10C6 /* ViewController+MASAdditions.m */,
				844B4C6C21548ED800DB10C6 /* MASViewConstraint.h */,
				844B4C6D21548ED800DB10C6 /* MASConstraint.h */,
				844B4C6E21548ED800DB10C6 /* NSLayoutConstraint+MASDebugAdditions.h */,
				844B4C6F21548ED800DB10C6 /* MASCompositeConstraint.m */,
				844B4C7021548ED800DB10C6 /* MASConstraintMaker.m */,
				844B4C7121548ED800DB10C6 /* MASLayoutConstraint.m */,
				844B4C7221548ED900DB10C6 /* NSArray+MASAdditions.m */,
				844B4C7321548ED900DB10C6 /* View+MASAdditions.m */,
				844B4C7421548ED900DB10C6 /* View+MASShorthandAdditions.h */,
				844B4C7521548ED900DB10C6 /* Masonry.h */,
				844B4C7621548ED900DB10C6 /* MASConstraint.m */,
				844B4C7721548ED900DB10C6 /* ViewController+MASAdditions.h */,
				844B4C7821548ED900DB10C6 /* MASViewConstraint.m */,
				844B4C7921548ED900DB10C6 /* MASViewAttribute.m */,
			);
			path = Masonry;
			sourceTree = "<group>";
		};
/* End PBXGroup section */

/* Begin PBXNativeTarget section */
		844B4C4121548D7F00DB10C6 /* DialogWindow */ = {
			isa = PBXNativeTarget;
			buildConfigurationList = 844B4C5821548D8100DB10C6 /* Build configuration list for PBXNativeTarget "DialogWindow" */;
			buildPhases = (
				844B4C3E21548D7F00DB10C6 /* Sources */,
				844B4C3F21548D7F00DB10C6 /* Frameworks */,
				844B4C4021548D7F00DB10C6 /* Resources */,
			);
			buildRules = (
			);
			dependencies = (
			);
			name = DialogWindow;
			productName = DialogWindow;
			productReference = 844B4C4221548D7F00DB10C6 /* DialogWindow.app */;
			productType = "com.apple.product-type.application";
		};
/* End PBXNativeTarget section */

/* Begin PBXProject section */
		844B4C3A21548D7F00DB10C6 /* Project object */ = {
			isa = PBXProject;
			attributes = {
				LastUpgradeCheck = 0940;
				ORGANIZATIONNAME = ysepay;
				TargetAttributes = {
					844B4C4121548D7F00DB10C6 = {
						CreatedOnToolsVersion = 9.4.1;
					};
				};
			};
			buildConfigurationList = 844B4C3D21548D7F00DB10C6 /* Build configuration list for PBXProject "DialogWindow" */;
			compatibilityVersion = "Xcode 9.3";
			developmentRegion = en;
			hasScannedForEncodings = 0;
			knownRegions = (
				en,
				Base,
			);
			mainGroup = 844B4C3921548D7F00DB10C6;
			productRefGroup = 844B4C4321548D7F00DB10C6 /* Products */;
			projectDirPath = "";
			projectRoot = "";
			targets = (
				844B4C4121548D7F00DB10C6 /* DialogWindow */,
			);
		};
/* End PBXProject section */

/* Begin PBXResourcesBuildPhase section */
		844B4C4021548D7F00DB10C6 /* Resources */ = {
			isa = PBXResourcesBuildPhase;
			buildActionMask = 2147483647;
			files = (
				844B4C5221548D8100DB10C6 /* LaunchScreen.storyboard in Resources */,
				844B4C4F21548D8100DB10C6 /* Assets.xcassets in Resources */,
				844B4C8621548ED900DB10C6 /* README.md in Resources */,
				844B4C7B21548ED900DB10C6 /* LICENSE in Resources */,
				842C40672154C3C000BB7D43 /* YSTDialogBoxController.xib in Resources */,
				842C406D2154C8BD00BB7D43 /* YSTRippleAnimationController.xib in Resources */,
				844B4C4D21548D7F00DB10C6 /* Main.storyboard in Resources */,
			);
			runOnlyForDeploymentPostprocessing = 0;
		};
/* End PBXResourcesBuildPhase section */

/* Begin PBXSourcesBuildPhase section */
		844B4C3E21548D7F00DB10C6 /* Sources */ = {
			isa = PBXSourcesBuildPhase;
			buildActionMask = 2147483647;
			files = (
				844B4C8421548ED900DB10C6 /* MASViewConstraint.m in Sources */,
				844B4C8521548ED900DB10C6 /* MASViewAttribute.m in Sources */,
				844B4C5D21548DBD00DB10C6 /* YSTDialogBoxWindow.m in Sources */,
				844B4C4A21548D7F00DB10C6 /* ViewController.m in Sources */,
				844B4C8121548ED900DB10C6 /* NSArray+MASAdditions.m in Sources */,
				844B4C7D21548ED900DB10C6 /* ViewController+MASAdditions.m in Sources */,
				844B4C7E21548ED900DB10C6 /* MASCompositeConstraint.m in Sources */,
				844B4C5521548D8100DB10C6 /* main.m in Sources */,
				844B4C8221548ED900DB10C6 /* View+MASAdditions.m in Sources */,
				842C406C2154C8BD00BB7D43 /* YSTRippleAnimationController.m in Sources */,
				844B4C7F21548ED900DB10C6 /* MASConstraintMaker.m in Sources */,
				844B4C8321548ED900DB10C6 /* MASConstraint.m in Sources */,
				844B4C7C21548ED900DB10C6 /* NSLayoutConstraint+MASDebugAdditions.m in Sources */,
				844B4C8021548ED900DB10C6 /* MASLayoutConstraint.m in Sources */,
				844B4C4721548D7F00DB10C6 /* AppDelegate.m in Sources */,
				842C40662154C3C000BB7D43 /* YSTDialogBoxController.m in Sources */,
			);
			runOnlyForDeploymentPostprocessing = 0;
		};
/* End PBXSourcesBuildPhase section */

/* Begin PBXVariantGroup section */
		844B4C4B21548D7F00DB10C6 /* Main.storyboard */ = {
			isa = PBXVariantGroup;
			children = (
				844B4C4C21548D7F00DB10C6 /* Base */,
			);
			name = Main.storyboard;
			sourceTree = "<group>";
		};
		844B4C5021548D8100DB10C6 /* LaunchScreen.storyboard */ = {
			isa = PBXVariantGroup;
			children = (
				844B4C5121548D8100DB10C6 /* Base */,
			);
			name = LaunchScreen.storyboard;
			sourceTree = "<group>";
		};
/* End PBXVariantGroup section */

/* Begin XCBuildConfiguration section */
		844B4C5621548D8100DB10C6 /* Debug */ = {
			isa = XCBuildConfiguration;
			buildSettings = {
				ALWAYS_SEARCH_USER_PATHS = NO;
				CLANG_ANALYZER_NONNULL = YES;
				CLANG_ANALYZER_NUMBER_OBJECT_CONVERSION = YES_AGGRESSIVE;
				CLANG_CXX_LANGUAGE_STANDARD = "gnu++14";
				CLANG_CXX_LIBRARY = "libc++";
				CLANG_ENABLE_MODULES = YES;
				CLANG_ENABLE_OBJC_ARC = YES;
				CLANG_ENABLE_OBJC_WEAK = YES;
				CLANG_WARN_BLOCK_CAPTURE_AUTORELEASING = YES;
				CLANG_WARN_BOOL_CONVERSION = YES;
				CLANG_WARN_COMMA = YES;
				CLANG_WARN_CONSTANT_CONVERSION = YES;
				CLANG_WARN_DEPRECATED_OBJC_IMPLEMENTATIONS = YES;
				CLANG_WARN_DIRECT_OBJC_ISA_USAGE = YES_ERROR;
				CLANG_WARN_DOCUMENTATION_COMMENTS = YES;
				CLANG_WARN_EMPTY_BODY = YES;
				CLANG_WARN_ENUM_CONVERSION = YES;
				CLANG_WARN_INFINITE_RECURSION = YES;
				CLANG_WARN_INT_CONVERSION = YES;
				CLANG_WARN_NON_LITERAL_NULL_CONVERSION = YES;
				CLANG_WARN_OBJC_IMPLICIT_RETAIN_SELF = YES;
				CLANG_WARN_OBJC_LITERAL_CONVERSION = YES;
				CLANG_WARN_OBJC_ROOT_CLASS = YES_ERROR;
				CLANG_WARN_RANGE_LOOP_ANALYSIS = YES;
				CLANG_WARN_STRICT_PROTOTYPES = YES;
				CLANG_WARN_SUSPICIOUS_MOVE = YES;
				CLANG_WARN_UNGUARDED_AVAILABILITY = YES_AGGRESSIVE;
				CLANG_WARN_UNREACHABLE_CODE = YES;
				CLANG_WARN__DUPLICATE_METHOD_MATCH = YES;
				CODE_SIGN_IDENTITY = "iPhone Developer";
				COPY_PHASE_STRIP = NO;
				DEBUG_INFORMATION_FORMAT = dwarf;
				ENABLE_STRICT_OBJC_MSGSEND = YES;
				ENABLE_TESTABILITY = YES;
				GCC_C_LANGUAGE_STANDARD = gnu11;
				GCC_DYNAMIC_NO_PIC = NO;
				GCC_NO_COMMON_BLOCKS = YES;
				GCC_OPTIMIZATION_LEVEL = 0;
				GCC_PREPROCESSOR_DEFINITIONS = (
					"DEBUG=1",
					"$(inherited)",
				);
				GCC_WARN_64_TO_32_BIT_CONVERSION = YES;
				GCC_WARN_ABOUT_RETURN_TYPE = YES_ERROR;
				GCC_WARN_UNDECLARED_SELECTOR = YES;
				GCC_WARN_UNINITIALIZED_AUTOS = YES_AGGRESSIVE;
				GCC_WARN_UNUSED_FUNCTION = YES;
				GCC_WARN_UNUSED_VARIABLE = YES;
				IPHONEOS_DEPLOYMENT_TARGET = 11.4;
				MTL_ENABLE_DEBUG_INFO = YES;
				ONLY_ACTIVE_ARCH = YES;
				SDKROOT = iphoneos;
			};
			name = Debug;
		};
		844B4C5721548D8100DB10C6 /* Release */ = {
			isa = XCBuildConfiguration;
			buildSettings = {
				ALWAYS_SEARCH_USER_PATHS = NO;
				CLANG_ANALYZER_NONNULL = YES;
				CLANG_ANALYZER_NUMBER_OBJECT_CONVERSION = YES_AGGRESSIVE;
				CLANG_CXX_LANGUAGE_STANDARD = "gnu++14";
				CLANG_CXX_LIBRARY = "libc++";
				CLANG_ENABLE_MODULES = YES;
				CLANG_ENABLE_OBJC_ARC = YES;
				CLANG_ENABLE_OBJC_WEAK = YES;
				CLANG_WARN_BLOCK_CAPTURE_AUTORELEASING = YES;
				CLANG_WARN_BOOL_CONVERSION = YES;
				CLANG_WARN_COMMA = YES;
				CLANG_WARN_CONSTANT_CONVERSION = YES;
				CLANG_WARN_DEPRECATED_OBJC_IMPLEMENTATIONS = YES;
				CLANG_WARN_DIRECT_OBJC_ISA_USAGE = YES_ERROR;
				CLANG_WARN_DOCUMENTATION_COMMENTS = YES;
				CLANG_WARN_EMPTY_BODY = YES;
				CLANG_WARN_ENUM_CONVERSION = YES;
				CLANG_WARN_INFINITE_RECURSION = YES;
				CLANG_WARN_INT_CONVERSION = YES;
				CLANG_WARN_NON_LITERAL_NULL_CONVERSION = YES;
				CLANG_WARN_OBJC_IMPLICIT_RETAIN_SELF = YES;
				CLANG_WARN_OBJC_LITERAL_CONVERSION = YES;
				CLANG_WARN_OBJC_ROOT_CLASS = YES_ERROR;
				CLANG_WARN_RANGE_LOOP_ANALYSIS = YES;
				CLANG_WARN_STRICT_PROTOTYPES = YES;
				CLANG_WARN_SUSPICIOUS_MOVE = YES;
				CLANG_WARN_UNGUARDED_AVAILABILITY = YES_AGGRESSIVE;
				CLANG_WARN_UNREACHABLE_CODE = YES;
				CLANG_WARN__DUPLICATE_METHOD_MATCH = YES;
				CODE_SIGN_IDENTITY = "iPhone Developer";
				COPY_PHASE_STRIP = NO;
				DEBUG_INFORMATION_FORMAT = "dwarf-with-dsym";
				ENABLE_NS_ASSERTIONS = NO;
				ENABLE_STRICT_OBJC_MSGSEND = YES;
				GCC_C_LANGUAGE_STANDARD = gnu11;
				GCC_NO_COMMON_BLOCKS = YES;
				GCC_WARN_64_TO_32_BIT_CONVERSION = YES;
				GCC_WARN_ABOUT_RETURN_TYPE = YES_ERROR;
				GCC_WARN_UNDECLARED_SELECTOR = YES;
				GCC_WARN_UNINITIALIZED_AUTOS = YES_AGGRESSIVE;
				GCC_WARN_UNUSED_FUNCTION = YES;
				GCC_WARN_UNUSED_VARIABLE = YES;
				IPHONEOS_DEPLOYMENT_TARGET = 11.4;
				MTL_ENABLE_DEBUG_INFO = NO;
				SDKROOT = iphoneos;
				VALIDATE_PRODUCT = YES;
			};
			name = Release;
		};
		844B4C5921548D8100DB10C6 /* Debug */ = {
			isa = XCBuildConfiguration;
			buildSettings = {
				ASSETCATALOG_COMPILER_APPICON_NAME = AppIcon;
				CODE_SIGN_STYLE = Automatic;
				DEVELOPMENT_TEAM = MX57N3NB7G;
				INFOPLIST_FILE = DialogWindow/Info.plist;
				LD_RUNPATH_SEARCH_PATHS = (
					"$(inherited)",
					"@executable_path/Frameworks",
				);
				PRODUCT_BUNDLE_IDENTIFIER = com.ysepay.DYZB.DialogWindow;
				PRODUCT_NAME = "$(TARGET_NAME)";
				TARGETED_DEVICE_FAMILY = "1,2";
			};
			name = Debug;
		};
		844B4C5A21548D8100DB10C6 /* Release */ = {
			isa = XCBuildConfiguration;
			buildSettings = {
				ASSETCATALOG_COMPILER_APPICON_NAME = AppIcon;
				CODE_SIGN_STYLE = Automatic;
				DEVELOPMENT_TEAM = MX57N3NB7G;
				INFOPLIST_FILE = DialogWindow/Info.plist;
				LD_RUNPATH_SEARCH_PATHS = (
					"$(inherited)",
					"@executable_path/Frameworks",
				);
				PRODUCT_BUNDLE_IDENTIFIER = com.ysepay.DYZB.DialogWindow;
				PRODUCT_NAME = "$(TARGET_NAME)";
				TARGETED_DEVICE_FAMILY = "1,2";
			};
			name = Release;
		};
/* End XCBuildConfiguration section */

/* Begin XCConfigurationList section */
		844B4C3D21548D7F00DB10C6 /* Build configuration list for PBXProject "DialogWindow" */ = {
			isa = XCConfigurationList;
			buildConfigurations = (
				844B4C5621548D8100DB10C6 /* Debug */,
				844B4C5721548D8100DB10C6 /* Release */,
			);
			defaultConfigurationIsVisible = 0;
			defaultConfigurationName = Release;
		};
		844B4C5821548D8100DB10C6 /* Build configuration list for PBXNativeTarget "DialogWindow" */ = {
			isa = XCConfigurationList;
			buildConfigurations = (
				844B4C5921548D8100DB10C6 /* Debug */,
				844B4C5A21548D8100DB10C6 /* Release */,
			);
			defaultConfigurationIsVisible = 0;
			defaultConfigurationName = Release;
		};
/* End XCConfigurationList section */
	};
	rootObject = 844B4C3A21548D7F00DB10C6 /* Project object */;
}
